
Microsoft Visual Studio Solution File, Format Version 12.00
# Visual Studio 15
VisualStudioVersion = 15.0.28307.779
MinimumVisualStudioVersion = 10.0.40219.1
Project("{159641D6-6404-4A2A-AE62-294DE0FE8301}") = "Integration Services Project1", "Integration Services Project1\Integration Services Project1.dtproj", "{B0C5A244-465E-4987-9EDA-CE0D4241F6FE}"
EndProject
Global
	GlobalSection(SolutionConfigurationPlatforms) = preSolution
		Development|Default = Development|Default
	EndGlobalSection
	GlobalSection(ProjectConfigurationPlatforms) = postSolution
		{B0C5A244-465E-4987-9EDA-CE0D4241F6FE}.Development|Default.ActiveCfg = Development
		{B0C5A244-465E-4987-9EDA-CE0D4241F6FE}.Development|Default.Build.0 = Development
	EndGlobalSection
	GlobalSection(SolutionProperties) = preSolution
		HideSolutionNode = FALSE
	EndGlobalSection
	GlobalSection(ExtensibilityGlobals) = postSolution
		SolutionGuid = {7A5B5E2F-A440-47C8-A944-F16D585C27E1}
	EndGlobalSection
EndGlobal
